
Microsoft Visual Studio Solution File, Format Version 12.00
# Visual Studio 2013
VisualStudioVersion = 12.0.31101.0
MinimumVisualStudioVersion = 10.0.40219.1
Project("{FAE04EC0-301F-11D3-BF4B-00C04F79EFBC}") = "IBApi", "IBApi\IBApi.csproj", "{590CFCE4-E99E-4ED5-8F6E-701530FAF422}"
EndProject
Project("{FAE04EC0-301F-11D3-BF4B-00C04F79EFBC}") = "IBApiUnitTests", "IBApiUnitTests\IBApiUnitTests.csproj", "{95DF9459-D15C-42E1-8437-AF95169485EC}"
EndProject
Project("{FAE04EC0-301F-11D3-BF4B-00C04F79EFBC}") = "SymbolSearchSample", "SymbolSearchSample\SymbolSearchSample.csproj", "{D7012579-2546-41AF-AEC8-2AE2FDEE8646}"
EndProject
Global
	GlobalSection(SolutionConfigurationPlatforms) = preSolution
		Debug|Any CPU = Debug|Any CPU
		Release|Any CPU = Release|Any CPU
	EndGlobalSection
	GlobalSection(ProjectConfigurationPlatforms) = postSolution
		{590CFCE4-E99E-4ED5-8F6E-701530FAF422}.Debug|Any CPU.ActiveCfg = Debug|Any CPU
		{590CFCE4-E99E-4ED5-8F6E-701530FAF422}.Debug|Any CPU.Build.0 = Debug|Any CPU
		{590CFCE4-E99E-4ED5-8F6E-701530FAF422}.Release|Any CPU.ActiveCfg = Release|Any CPU
		{590CFCE4-E99E-4ED5-8F6E-701530FAF422}.Release|Any CPU.Build.0 = Release|Any CPU
		{95DF9459-D15C-42E1-8437-AF95169485EC}.Debug|Any CPU.ActiveCfg = Debug|Any CPU
		{95DF9459-D15C-42E1-8437-AF95169485EC}.Debug|Any CPU.Build.0 = Debug|Any CPU
		{95DF9459-D15C-42E1-8437-AF95169485EC}.Release|Any CPU.ActiveCfg = Release|Any CPU
		{95DF9459-D15C-42E1-8437-AF95169485EC}.Release|Any CPU.Build.0 = Release|Any CPU
		{D7012579-2546-41AF-AEC8-2AE2FDEE8646}.Debug|Any CPU.ActiveCfg = Debug|Any CPU
		{D7012579-2546-41AF-AEC8-2AE2FDEE8646}.Debug|Any CPU.Build.0 = Debug|Any CPU
		{D7012579-2546-41AF-AEC8-2AE2FDEE8646}.Release|Any CPU.ActiveCfg = Release|Any CPU
		{D7012579-2546-41AF-AEC8-2AE2FDEE8646}.Release|Any CPU.Build.0 = Release|Any CPU
	EndGlobalSection
	GlobalSection(SolutionProperties) = preSolution
		HideSolutionNode = FALSE
	EndGlobalSection
EndGlobal
